lockfileVersion: 5.3

specifiers:
  mysql2: ^2.3.3

dependencies:
  mysql2: registry.npmmirror.com/mysql2/2.3.3

packages:

  registry.npmmirror.com/denque/2.0.1:
    resolution: {integrity: sha512-tfiWc6BQLXNLpNiR5iGd0Ocu3P3VpxfzFiqubLgMfhfOw9WyvgJBd46CClNn9k3qfbjvT//0cf7AlYRX/OslMQ==, registry: http://registry.npm.taobao.org/, tarball: https://registry.npmmirror.com/denque/-/denque-2.0.1.tgz}
    name: denque
    version: 2.0.1
    engines: {node: '>=0.10'}
    dev: false

  registry.npmmirror.com/generate-function/2.3.1:
    resolution: {integrity: sha512-eeB5GfMNeevm/GRYq20ShmsaGcmI81kIX2K9XQx5miC8KdHaC6Jm0qQ8ZNeGOi7wYB8OsdxKs+Y2oVuTFuVwKQ==, registry: http://registry.npm.taobao.org/, tarball: https://registry.npmmirror.com/generate-function/-/generate-function-2.3.1.tgz}
    name: generate-function
    version: 2.3.1
    dependencies:
      is-property: registry.npmmirror.com/is-property/1.0.2
    dev: false

  registry.npmmirror.com/iconv-lite/0.6.3:
    resolution: {integrity: sha512-4fCk79wshMdzMp2rH06qWrJE4iolqLhCUH+OiuIgU++RB0+94NlDL81atO7GX55uUKueo0txHNtvEyI6D7WdMw==, registry: http://registry.npm.taobao.org/, tarball: https://registry.npmmirror.com/iconv-lite/-/iconv-lite-0.6.3.tgz}
    name: iconv-lite
    version: 0.6.3
    engines: {node: '>=0.10.0'}
    dependencies:
      safer-buffer: registry.npmmirror.com/safer-buffer/2.1.2
    dev: false

  registry.npmmirror.com/is-property/1.0.2:
    resolution: {integrity: sha512-Ks/IoX00TtClbGQr4TWXemAnktAQvYB7HzcCxDGqEZU6oCmb2INHuOoKxbtR+HFkmYWBKv/dOZtGRiAjDhj92g==, registry: http://registry.npm.taobao.org/, tarball: https://registry.npmmirror.com/is-property/-/is-property-1.0.2.tgz}
    name: is-property
    version: 1.0.2
    dev: false

  registry.npmmirror.com/long/4.0.0:
    resolution: {integrity: sha512-XsP+KhQif4bjX1kbuSiySJFNAehNxgLb6hPRGJ9QsUr8ajHkuXGdrHmFUTUUXhDwVX2R5bY4JNZEwbUiMhV+MA==, registry: http://registry.npm.taobao.org/, tarball: https://registry.npmmirror.com/long/-/long-4.0.0.tgz}
    name: long
    version: 4.0.0
    dev: false

  registry.npmmirror.com/lru-cache/4.1.5:
    resolution: {integrity: sha512-sWZlbEP2OsHNkXrMl5GYk/jKk70MBng6UU4YI/qGDYbgf6YbP4EvmqISbXCoJiRKs+1bSpFHVgQxvJ17F2li5g==, registry: http://registry.npm.taobao.org/, tarball: https://registry.npmmirror.com/lru-cache/-/lru-cache-4.1.5.tgz}
    name: lru-cache
    version: 4.1.5
    dependencies:
      pseudomap: registry.npmmirror.com/pseudomap/1.0.2
      yallist: registry.npmmirror.com/yallist/2.1.2
    dev: false

  registry.npmmirror.com/lru-cache/6.0.0:
    resolution: {integrity: sha512-Jo6dJ04CmSjuznwJSS3pUeWmd/H0ffTlkXXgwZi+eq1UCmqQwCh+eLsYOYCwY991i2Fah4h1BEMCx4qThGbsiA==, registry: http://registry.npm.taobao.org/, tarball: https://registry.npmmirror.com/lru-cache/-/lru-cache-6.0.0.tgz}
    name: lru-cache
    version: 6.0.0
    engines: {node: '>=10'}
    dependencies:
      yallist: registry.npmmirror.com/yallist/4.0.0
    dev: false

  registry.npmmirror.com/mysql2/2.3.3:
    resolution: {integrity: sha512-wxJUev6LgMSgACDkb/InIFxDprRa6T95+VEoR+xPvtngtccNH2dGjEB/fVZ8yg1gWv1510c9CvXuJHi5zUm0ZA==, registry: http://registry.npm.taobao.org/, tarball: https://registry.npmmirror.com/mysql2/-/mysql2-2.3.3.tgz}
    name: mysql2
    version: 2.3.3
    engines: {node: '>= 8.0'}
    dependencies:
      denque: registry.npmmirror.com/denque/2.0.1
      generate-function: registry.npmmirror.com/generate-function/2.3.1
      iconv-lite: registry.npmmirror.com/iconv-lite/0.6.3
      long: registry.npmmirror.com/long/4.0.0
      lru-cache: registry.npmmirror.com/lru-cache/6.0.0
      named-placeholders: registry.npmmirror.com/named-placeholders/1.1.2
      seq-queue: registry.npmmirror.com/seq-queue/0.0.5
      sqlstring: registry.npmmirror.com/sqlstring/2.3.3
    dev: false

  registry.npmmirror.com/named-placeholders/1.1.2:
    resolution: {integrity: sha512-wiFWqxoLL3PGVReSZpjLVxyJ1bRqe+KKJVbr4hGs1KWfTZTQyezHFBbuKj9hsizHyGV2ne7EMjHdxEGAybD5SA==, registry: http://registry.npm.taobao.org/, tarball: https://registry.npmmirror.com/named-placeholders/-/named-placeholders-1.1.2.tgz}
    name: named-placeholders
    version: 1.1.2
    engines: {node: '>=6.0.0'}
    dependencies:
      lru-cache: registry.npmmirror.com/lru-cache/4.1.5
    dev: false

  registry.npmmirror.com/pseudomap/1.0.2:
    resolution: {integrity: sha512-b/YwNhb8lk1Zz2+bXXpS/LK9OisiZZ1SNsSLxN1x2OXVEhW2Ckr/7mWE5vrC1ZTiJlD9g19jWszTmJsB+oEpFQ==, registry: http://registry.npm.taobao.org/, tarball: https://registry.npmmirror.com/pseudomap/-/pseudomap-1.0.2.tgz}
    name: pseudomap
    version: 1.0.2
    dev: false

  registry.npmmirror.com/safer-buffer/2.1.2:
    resolution: {integrity: sha512-YZo3K82SD7Riyi0E1EQPojLz7kpepnSQI9IyPbHHg1XXXevb5dJI7tpyN2ADxGcQbHG7vcyRHk0cbwqcQriUtg==, registry: http://registry.npm.taobao.org/, tarball: https://registry.npmmirror.com/safer-buffer/-/safer-buffer-2.1.2.tgz}
    name: safer-buffer
    version: 2.1.2
    dev: false

  registry.npmmirror.com/seq-queue/0.0.5:
    resolution: {integrity: sha512-hr3Wtp/GZIc/6DAGPDcV4/9WoZhjrkXsi5B/07QgX8tsdc6ilr7BFM6PM6rbdAX1kFSDYeZGLipIZZKyQP0O5Q==, registry: http://registry.npm.taobao.org/, tarball: https://registry.npmmirror.com/seq-queue/-/seq-queue-0.0.5.tgz}
    name: seq-queue
    version: 0.0.5
    dev: false

  registry.npmmirror.com/sqlstring/2.3.3:
    resolution: {integrity: sha512-qC9iz2FlN7DQl3+wjwn3802RTyjCx7sDvfQEXchwa6CWOx07/WVfh91gBmQ9fahw8snwGEWU3xGzOt4tFyHLxg==, registry: http://registry.npm.taobao.org/, tarball: https://registry.npmmirror.com/sqlstring/-/sqlstring-2.3.3.tgz}
    name: sqlstring
    version: 2.3.3
    engines: {node: '>= 0.6'}
    dev: false

  registry.npmmirror.com/yallist/2.1.2:
    resolution: {integrity: sha512-ncTzHV7NvsQZkYe1DW7cbDLm0YpzHmZF5r/iyP3ZnQtMiJ+pjzisCiMNI+Sj+xQF5pXhSHxSB3uDbsBTzY/c2A==, registry: http://registry.npm.taobao.org/, tarball: https://registry.npmmirror.com/yallist/-/yallist-2.1.2.tgz}
    name: yallist
    version: 2.1.2
    dev: false

  registry.npmmirror.com/yallist/4.0.0:
    resolution: {integrity: sha512-3wdGidZyq5PB084XLES5TpOSRA3wjXAlIWMhum2kRcv/41Sn2emQ0dycQW4uZXLejwKvg6EsvbdlVL+FYEct7A==, registry: http://registry.npm.taobao.org/, tarball: https://registry.npmmirror.com/yallist/-/yallist-4.0.0.tgz}
    name: yallist
    version: 4.0.0
    dev: false
