lockfileVersion: 5.3

specifiers:
  mysql2: ^2.3.3
  sequelize: ^6.17.0

dependencies:
  mysql2: registry.npmmirror.com/mysql2/2.3.3
  sequelize: registry.npmmirror.com/sequelize/6.17.0_mysql2@2.3.3

packages:

  registry.npmmirror.com/@types/debug/4.1.7:
    resolution: {integrity: sha512-9AonUzyTjXXhEOa0DnqpzZi6VHlqKMswga9EXjpXnnqxwLtdvPPtlO8evrI5D9S6asFRCQ6v+wpiUKbw+vKqyg==, registry: http://registry.npm.taobao.org/, tarball: https://registry.npmmirror.com/@types/debug/-/debug-4.1.7.tgz}
    name: '@types/debug'
    version: 4.1.7
    dependencies:
      '@types/ms': registry.npmmirror.com/@types/ms/0.7.31
    dev: false

  registry.npmmirror.com/@types/ms/0.7.31:
    resolution: {integrity: sha512-iiUgKzV9AuaEkZqkOLDIvlQiL6ltuZd9tGcW3gwpnX8JbuiuhFlEGmmFXEXkN50Cvq7Os88IY2v0dkDqXYWVgA==, registry: http://registry.npm.taobao.org/, tarball: https://registry.npmmirror.com/@types/ms/-/ms-0.7.31.tgz}
    name: '@types/ms'
    version: 0.7.31
    dev: false

  registry.npmmirror.com/@types/node/17.0.22:
    resolution: {integrity: sha512-8FwbVoG4fy+ykY86XCAclKZDORttqE5/s7dyWZKLXTdv3vRy5HozBEinG5IqhvPXXzIZEcTVbuHlQEI6iuwcmw==, registry: http://registry.npm.taobao.org/, tarball: https://registry.npmmirror.com/@types/node/-/node-17.0.22.tgz}
    name: '@types/node'
    version: 17.0.22
    dev: false

  registry.npmmirror.com/@types/validator/13.7.1:
    resolution: {integrity: sha512-I6OUIZ5cYRk5lp14xSOAiXjWrfVoMZVjDuevBYgQDYzZIjsf2CAISpEcXOkFAtpAHbmWIDLcZObejqny/9xq5Q==, registry: http://registry.npm.taobao.org/, tarball: https://registry.npmmirror.com/@types/validator/-/validator-13.7.1.tgz}
    name: '@types/validator'
    version: 13.7.1
    dev: false

  registry.npmmirror.com/debug/4.3.4:
    resolution: {integrity: sha512-PRWFHuSU3eDtQJPvnNY7Jcket1j0t5OuOsFzPPzsekD52Zl8qUfFIPEiswXqIvHWGVHOgX+7G/vCNNhehwxfkQ==, registry: http://registry.npm.taobao.org/, tarball: https://registry.npmmirror.com/debug/-/debug-4.3.4.tgz}
    name: debug
    version: 4.3.4
    engines: {node: '>=6.0'}
    peerDependencies:
      supports-color: '*'
    peerDependenciesMeta:
      supports-color:
        optional: true
    dependencies:
      ms: registry.npmmirror.com/ms/2.1.2
    dev: false

  registry.npmmirror.com/denque/2.0.1:
    resolution: {integrity: sha512-tfiWc6BQLXNLpNiR5iGd0Ocu3P3VpxfzFiqubLgMfhfOw9WyvgJBd46CClNn9k3qfbjvT//0cf7AlYRX/OslMQ==, registry: http://registry.npm.taobao.org/, tarball: https://registry.npmmirror.com/denque/-/denque-2.0.1.tgz}
    name: denque
    version: 2.0.1
    engines: {node: '>=0.10'}
    dev: false

  registry.npmmirror.com/dottie/2.0.2:
    resolution: {integrity: sha512-fmrwR04lsniq/uSr8yikThDTrM7epXHBAAjH9TbeH3rEA8tdCO7mRzB9hdmdGyJCxF8KERo9CITcm3kGuoyMhg==, registry: http://registry.npm.taobao.org/, tarball: https://registry.npmmirror.com/dottie/-/dottie-2.0.2.tgz}
    name: dottie
    version: 2.0.2
    dev: false

  registry.npmmirror.com/generate-function/2.3.1:
    resolution: {integrity: sha512-eeB5GfMNeevm/GRYq20ShmsaGcmI81kIX2K9XQx5miC8KdHaC6Jm0qQ8ZNeGOi7wYB8OsdxKs+Y2oVuTFuVwKQ==, registry: http://registry.npm.taobao.org/, tarball: https://registry.npmmirror.com/generate-function/-/generate-function-2.3.1.tgz}
    name: generate-function
    version: 2.3.1
    dependencies:
      is-property: registry.npmmirror.com/is-property/1.0.2
    dev: false

  registry.npmmirror.com/iconv-lite/0.6.3:
    resolution: {integrity: sha512-4fCk79wshMdzMp2rH06qWrJE4iolqLhCUH+OiuIgU++RB0+94NlDL81atO7GX55uUKueo0txHNtvEyI6D7WdMw==, registry: http://registry.npm.taobao.org/, tarball: https://registry.npmmirror.com/iconv-lite/-/iconv-lite-0.6.3.tgz}
    name: iconv-lite
    version: 0.6.3
    engines: {node: '>=0.10.0'}
    dependencies:
      safer-buffer: registry.npmmirror.com/safer-buffer/2.1.2
    dev: false

  registry.npmmirror.com/inflection/1.13.2:
    resolution: {integrity: sha512-cmZlljCRTBFouT8UzMzrGcVEvkv6D/wBdcdKG7J1QH5cXjtU75Dm+P27v9EKu/Y43UYyCJd1WC4zLebRrC8NBw==, registry: http://registry.npm.taobao.org/, tarball: https://registry.npmmirror.com/inflection/-/inflection-1.13.2.tgz}
    name: inflection
    version: 1.13.2
    engines: {'0': node >= 0.4.0}
    dev: false

  registry.npmmirror.com/is-property/1.0.2:
    resolution: {integrity: sha512-Ks/IoX00TtClbGQr4TWXemAnktAQvYB7HzcCxDGqEZU6oCmb2INHuOoKxbtR+HFkmYWBKv/dOZtGRiAjDhj92g==, registry: http://registry.npm.taobao.org/, tarball: https://registry.npmmirror.com/is-property/-/is-property-1.0.2.tgz}
    name: is-property
    version: 1.0.2
    dev: false

  registry.npmmirror.com/lodash/4.17.21:
    resolution: {integrity: sha512-v2kDEe57lecTulaDIuNTPy3Ry4gLGJ6Z1O3vE1krgXZNrsQ+LFTGHVxVjcXPs17LhbZVGedAJv8XZ1tvj5FvSg==, registry: http://registry.npm.taobao.org/, tarball: https://registry.npmmirror.com/lodash/-/lodash-4.17.21.tgz}
    name: lodash
    version: 4.17.21
    dev: false

  registry.npmmirror.com/long/4.0.0:
    resolution: {integrity: sha512-XsP+KhQif4bjX1kbuSiySJFNAehNxgLb6hPRGJ9QsUr8ajHkuXGdrHmFUTUUXhDwVX2R5bY4JNZEwbUiMhV+MA==, registry: http://registry.npm.taobao.org/, tarball: https://registry.npmmirror.com/long/-/long-4.0.0.tgz}
    name: long
    version: 4.0.0
    dev: false

  registry.npmmirror.com/lru-cache/4.1.5:
    resolution: {integrity: sha512-sWZlbEP2OsHNkXrMl5GYk/jKk70MBng6UU4YI/qGDYbgf6YbP4EvmqISbXCoJiRKs+1bSpFHVgQxvJ17F2li5g==, registry: http://registry.npm.taobao.org/, tarball: https://registry.npmmirror.com/lru-cache/-/lru-cache-4.1.5.tgz}
    name: lru-cache
    version: 4.1.5
    dependencies:
      pseudomap: registry.npmmirror.com/pseudomap/1.0.2
      yallist: registry.npmmirror.com/yallist/2.1.2
    dev: false

  registry.npmmirror.com/lru-cache/6.0.0:
    resolution: {integrity: sha512-Jo6dJ04CmSjuznwJSS3pUeWmd/H0ffTlkXXgwZi+eq1UCmqQwCh+eLsYOYCwY991i2Fah4h1BEMCx4qThGbsiA==, registry: http://registry.npm.taobao.org/, tarball: https://registry.npmmirror.com/lru-cache/-/lru-cache-6.0.0.tgz}
    name: lru-cache
    version: 6.0.0
    engines: {node: '>=10'}
    dependencies:
      yallist: registry.npmmirror.com/yallist/4.0.0
    dev: false

  registry.npmmirror.com/moment-timezone/0.5.34:
    resolution: {integrity: sha512-3zAEHh2hKUs3EXLESx/wsgw6IQdusOT8Bxm3D9UrHPQR7zlMmzwybC8zHEM1tQ4LJwP7fcxrWr8tuBg05fFCbg==, registry: http://registry.npm.taobao.org/, tarball: https://registry.npmmirror.com/moment-timezone/-/moment-timezone-0.5.34.tgz}
    name: moment-timezone
    version: 0.5.34
    dependencies:
      moment: registry.npmmirror.com/moment/2.29.1
    dev: false

  registry.npmmirror.com/moment/2.29.1:
    resolution: {integrity: sha512-kHmoybcPV8Sqy59DwNDY3Jefr64lK/by/da0ViFcuA4DH0vQg5Q6Ze5VimxkfQNSC+Mls/Kx53s7TjP1RhFEDQ==, registry: http://registry.npm.taobao.org/, tarball: https://registry.npmmirror.com/moment/-/moment-2.29.1.tgz}
    name: moment
    version: 2.29.1
    dev: false

  registry.npmmirror.com/ms/2.1.2:
    resolution: {integrity: sha512-sGkPx+VjMtmA6MX27oA4FBFELFCZZ4S4XqeGOXCv68tT+jb3vk/RyaKWP0PTKyWtmLSM0b+adUTEvbs1PEaH2w==, registry: http://registry.npm.taobao.org/, tarball: https://registry.npmmirror.com/ms/-/ms-2.1.2.tgz}
    name: ms
    version: 2.1.2
    dev: false

  registry.npmmirror.com/mysql2/2.3.3:
    resolution: {integrity: sha512-wxJUev6LgMSgACDkb/InIFxDprRa6T95+VEoR+xPvtngtccNH2dGjEB/fVZ8yg1gWv1510c9CvXuJHi5zUm0ZA==, registry: http://registry.npm.taobao.org/, tarball: https://registry.npmmirror.com/mysql2/-/mysql2-2.3.3.tgz}
    name: mysql2
    version: 2.3.3
    engines: {node: '>= 8.0'}
    dependencies:
      denque: registry.npmmirror.com/denque/2.0.1
      generate-function: registry.npmmirror.com/generate-function/2.3.1
      iconv-lite: registry.npmmirror.com/iconv-lite/0.6.3
      long: registry.npmmirror.com/long/4.0.0
      lru-cache: registry.npmmirror.com/lru-cache/6.0.0
      named-placeholders: registry.npmmirror.com/named-placeholders/1.1.2
      seq-queue: registry.npmmirror.com/seq-queue/0.0.5
      sqlstring: registry.npmmirror.com/sqlstring/2.3.3
    dev: false

  registry.npmmirror.com/named-placeholders/1.1.2:
    resolution: {integrity: sha512-wiFWqxoLL3PGVReSZpjLVxyJ1bRqe+KKJVbr4hGs1KWfTZTQyezHFBbuKj9hsizHyGV2ne7EMjHdxEGAybD5SA==, registry: http://registry.npm.taobao.org/, tarball: https://registry.npmmirror.com/named-placeholders/-/named-placeholders-1.1.2.tgz}
    name: named-placeholders
    version: 1.1.2
    engines: {node: '>=6.0.0'}
    dependencies:
      lru-cache: registry.npmmirror.com/lru-cache/4.1.5
    dev: false

  registry.npmmirror.com/pg-connection-string/2.5.0:
    resolution: {integrity: sha512-r5o/V/ORTA6TmUnyWZR9nCj1klXCO2CEKNRlVuJptZe85QuhFayC7WeMic7ndayT5IRIR0S0xFxFi2ousartlQ==, registry: http://registry.npm.taobao.org/, tarball: https://registry.npmmirror.com/pg-connection-string/-/pg-connection-string-2.5.0.tgz}
    name: pg-connection-string
    version: 2.5.0
    dev: false

  registry.npmmirror.com/pseudomap/1.0.2:
    resolution: {integrity: sha512-b/YwNhb8lk1Zz2+bXXpS/LK9OisiZZ1SNsSLxN1x2OXVEhW2Ckr/7mWE5vrC1ZTiJlD9g19jWszTmJsB+oEpFQ==, registry: http://registry.npm.taobao.org/, tarball: https://registry.npmmirror.com/pseudomap/-/pseudomap-1.0.2.tgz}
    name: pseudomap
    version: 1.0.2
    dev: false

  registry.npmmirror.com/retry-as-promised/5.0.0:
    resolution: {integrity: sha512-6S+5LvtTl2ggBumk04hBo/4Uf6fRJUwIgunGZ7CYEBCeufGFW1Pu6ucUf/UskHeWOIsUcLOGLFXPig5tR5V1nA==, registry: http://registry.npm.taobao.org/, tarball: https://registry.npmmirror.com/retry-as-promised/-/retry-as-promised-5.0.0.tgz}
    name: retry-as-promised
    version: 5.0.0
    dev: false

  registry.npmmirror.com/safer-buffer/2.1.2:
    resolution: {integrity: sha512-YZo3K82SD7Riyi0E1EQPojLz7kpepnSQI9IyPbHHg1XXXevb5dJI7tpyN2ADxGcQbHG7vcyRHk0cbwqcQriUtg==, registry: http://registry.npm.taobao.org/, tarball: https://registry.npmmirror.com/safer-buffer/-/safer-buffer-2.1.2.tgz}
    name: safer-buffer
    version: 2.1.2
    dev: false

  registry.npmmirror.com/semver/7.3.5:
    resolution: {integrity: sha512-PoeGJYh8HK4BTO/a9Tf6ZG3veo/A7ZVsYrSA6J8ny9nb3B1VrpkuN+z9OE5wfE5p6H4LchYZsegiQgbJD94ZFQ==, registry: http://registry.npm.taobao.org/, tarball: https://registry.npmmirror.com/semver/-/semver-7.3.5.tgz}
    name: semver
    version: 7.3.5
    engines: {node: '>=10'}
    hasBin: true
    dependencies:
      lru-cache: registry.npmmirror.com/lru-cache/6.0.0
    dev: false

  registry.npmmirror.com/seq-queue/0.0.5:
    resolution: {integrity: sha512-hr3Wtp/GZIc/6DAGPDcV4/9WoZhjrkXsi5B/07QgX8tsdc6ilr7BFM6PM6rbdAX1kFSDYeZGLipIZZKyQP0O5Q==, registry: http://registry.npm.taobao.org/, tarball: https://registry.npmmirror.com/seq-queue/-/seq-queue-0.0.5.tgz}
    name: seq-queue
    version: 0.0.5
    dev: false

  registry.npmmirror.com/sequelize-pool/7.1.0:
    resolution: {integrity: sha512-G9c0qlIWQSK29pR/5U2JF5dDQeqqHRragoyahj/Nx4KOOQ3CPPfzxnfqFPCSB7x5UgjOgnZ61nSxz+fjDpRlJg==, registry: http://registry.npm.taobao.org/, tarball: https://registry.npmmirror.com/sequelize-pool/-/sequelize-pool-7.1.0.tgz}
    name: sequelize-pool
    version: 7.1.0
    engines: {node: '>= 10.0.0'}
    dev: false

  registry.npmmirror.com/sequelize/6.17.0_mysql2@2.3.3:
    resolution: {integrity: sha512-AZus+0YZDq91Zg0hzDaO5atTzHgJruI23V8nBlAhkLuI81Z53nSRdAe/4R1A6vGOZ/RfCLP9idF4tfQnoAsM5A==, registry: http://registry.npm.taobao.org/, tarball: https://registry.npmmirror.com/sequelize/-/sequelize-6.17.0.tgz}
    id: registry.npmmirror.com/sequelize/6.17.0
    name: sequelize
    version: 6.17.0
    engines: {node: '>=10.0.0'}
    peerDependencies:
      ibm_db: '*'
      mariadb: '*'
      mysql2: '*'
      pg: '*'
      pg-hstore: '*'
      snowflake-sdk: '*'
      sqlite3: '*'
      tedious: '*'
    peerDependenciesMeta:
      ibm_db:
        optional: true
      mariadb:
        optional: true
      mysql2:
        optional: true
      pg:
        optional: true
      pg-hstore:
        optional: true
      snowflake-sdk:
        optional: true
      sqlite3:
        optional: true
      tedious:
        optional: true
    dependencies:
      '@types/debug': registry.npmmirror.com/@types/debug/4.1.7
      '@types/validator': registry.npmmirror.com/@types/validator/13.7.1
      debug: registry.npmmirror.com/debug/4.3.4
      dottie: registry.npmmirror.com/dottie/2.0.2
      inflection: registry.npmmirror.com/inflection/1.13.2
      lodash: registry.npmmirror.com/lodash/4.17.21
      moment: registry.npmmirror.com/moment/2.29.1
      moment-timezone: registry.npmmirror.com/moment-timezone/0.5.34
      mysql2: registry.npmmirror.com/mysql2/2.3.3
      pg-connection-string: registry.npmmirror.com/pg-connection-string/2.5.0
      retry-as-promised: registry.npmmirror.com/retry-as-promised/5.0.0
      semver: registry.npmmirror.com/semver/7.3.5
      sequelize-pool: registry.npmmirror.com/sequelize-pool/7.1.0
      toposort-class: registry.npmmirror.com/toposort-class/1.0.1
      uuid: registry.npmmirror.com/uuid/8.3.2
      validator: registry.npmmirror.com/validator/13.7.0
      wkx: registry.npmmirror.com/wkx/0.5.0
    transitivePeerDependencies:
      - supports-color
    dev: false

  registry.npmmirror.com/sqlstring/2.3.3:
    resolution: {integrity: sha512-qC9iz2FlN7DQl3+wjwn3802RTyjCx7sDvfQEXchwa6CWOx07/WVfh91gBmQ9fahw8snwGEWU3xGzOt4tFyHLxg==, registry: http://registry.npm.taobao.org/, tarball: https://registry.npmmirror.com/sqlstring/-/sqlstring-2.3.3.tgz}
    name: sqlstring
    version: 2.3.3
    engines: {node: '>= 0.6'}
    dev: false

  registry.npmmirror.com/toposort-class/1.0.1:
    resolution: {integrity: sha512-OsLcGGbYF3rMjPUf8oKktyvCiUxSbqMMS39m33MAjLTC1DVIH6x3WSt63/M77ihI09+Sdfk1AXvfhCEeUmC7mg==, registry: http://registry.npm.taobao.org/, tarball: https://registry.npmmirror.com/toposort-class/-/toposort-class-1.0.1.tgz}
    name: toposort-class
    version: 1.0.1
    dev: false

  registry.npmmirror.com/uuid/8.3.2:
    resolution: {integrity: sha512-+NYs2QeMWy+GWFOEm9xnn6HCDp0l7QBD7ml8zLUmJ+93Q5NF0NocErnwkTkXVFNiX3/fpC6afS8Dhb/gz7R7eg==, registry: http://registry.npm.taobao.org/, tarball: https://registry.npmmirror.com/uuid/-/uuid-8.3.2.tgz}
    name: uuid
    version: 8.3.2
    hasBin: true
    dev: false

  registry.npmmirror.com/validator/13.7.0:
    resolution: {integrity: sha512-nYXQLCBkpJ8X6ltALua9dRrZDHVYxjJ1wgskNt1lH9fzGjs3tgojGSCBjmEPwkWS1y29+DrizMTW19Pr9uB2nw==, registry: http://registry.npm.taobao.org/, tarball: https://registry.npmmirror.com/validator/-/validator-13.7.0.tgz}
    name: validator
    version: 13.7.0
    engines: {node: '>= 0.10'}
    dev: false

  registry.npmmirror.com/wkx/0.5.0:
    resolution: {integrity: sha512-Xng/d4Ichh8uN4l0FToV/258EjMGU9MGcA0HV2d9B/ZpZB3lqQm7nkOdZdm5GhKtLLhAE7PiVQwN4eN+2YJJUg==, registry: http://registry.npm.taobao.org/, tarball: https://registry.npmmirror.com/wkx/-/wkx-0.5.0.tgz}
    name: wkx
    version: 0.5.0
    dependencies:
      '@types/node': registry.npmmirror.com/@types/node/17.0.22
    dev: false

  registry.npmmirror.com/yallist/2.1.2:
    resolution: {integrity: sha512-ncTzHV7NvsQZkYe1DW7cbDLm0YpzHmZF5r/iyP3ZnQtMiJ+pjzisCiMNI+Sj+xQF5pXhSHxSB3uDbsBTzY/c2A==, registry: http://registry.npm.taobao.org/, tarball: https://registry.npmmirror.com/yallist/-/yallist-2.1.2.tgz}
    name: yallist
    version: 2.1.2
    dev: false

  registry.npmmirror.com/yallist/4.0.0:
    resolution: {integrity: sha512-3wdGidZyq5PB084XLES5TpOSRA3wjXAlIWMhum2kRcv/41Sn2emQ0dycQW4uZXLejwKvg6EsvbdlVL+FYEct7A==, registry: http://registry.npm.taobao.org/, tarball: https://registry.npmmirror.com/yallist/-/yallist-4.0.0.tgz}
    name: yallist
    version: 4.0.0
    dev: false
