{
    "name": "heihi",
    "version": "1.0.0",
    "lockfileVersion": 1,
    "requires": true,
    "dependencies": {
        "jquery": {
            "version": "3.2.1",
            "resolved": "https://registry.npm.taobao.org/jquery/download/jquery-3.2.1.tgz?cache=0&sync_timestamp=1614705838607&other_urls=https%3A%2F%2Fregistry.npm.taobao.org%2Fjquery%2Fdownload%2Fjquery-3.2.1.tgz",
            "integrity": "sha1-XE2d5lKvbNCncBVKYxu6ErAVx4c="
        }
    }
}
