{
  "name": "testcall",
  "version": "1.0.0",
  "lockfileVersion": 1,
  "requires": true,
  "dependencies": {
    "callgirl": {
      "version": "1.0.2",
      "resolved": "https://registry.npmjs.org/callgirl/-/callgirl-1.0.2.tgz",
      "integrity": "sha512-LfGsWv8KETV6F40hBmy8U/vOEpxGL9T3YMnbpXOME6c3dfz8NjAWUCjSnxdoecDYO/iCLEDRLNCnKmZLdacY/Q=="
    }
  }
}
